// !$*UTF8*$!
{
	archiveVersion = 1;
	classes = {
	};
	objectVersion = 46;
	objects = {

/* Begin PBXBuildFile section */
		60D06FF62FA392D1455B7EF5 /* libPods.a in Frameworks */ = {isa = PBXBuildFile; fileRef = 471D92E5D8B7273D4F6BFF84 /* libPods.a */; };
		D1740D751C90309100DDAA09 /* main.m in Sources */ = {isa = PBXBuildFile; fileRef = D1740D741C90309100DDAA09 /* main.m */; };
		D1740D7E1C90309100DDAA09 /* Main.storyboard in Resources */ = {isa = PBXBuildFile; fileRef = D1740D7C1C90309100DDAA09 /* Main.storyboard */; };
		D1740D811C90309100DDAA09 /* Bestsellers.xcdatamodeld in Sources */ = {isa = PBXBuildFile; fileRef = D1740D7F1C90309100DDAA09 /* Bestsellers.xcdatamodeld */; };
		D1740D861C90309100DDAA09 /* LaunchScreen.storyboard in Resources */ = {isa = PBXBuildFile; fileRef = D1740D841C90309100DDAA09 /* LaunchScreen.storyboard */; };
		D1740D911C90309100DDAA09 /* BestsellersTests.m in Sources */ = {isa = PBXBuildFile; fileRef = D1740D901C90309100DDAA09 /* BestsellersTests.m */; };
		D1740D9C1C90309100DDAA09 /* BestsellersUITests.m in Sources */ = {isa = PBXBuildFile; fileRef = D1740D9B1C90309100DDAA09 /* BestsellersUITests.m */; };
		D1740DAC1C90310900DDAA09 /* AppDelegate.m in Sources */ = {isa = PBXBuildFile; fileRef = D1740DAB1C90310900DDAA09 /* AppDelegate.m */; };
		D1740DB21C90313D00DDAA09 /* Reachability.m in Sources */ = {isa = PBXBuildFile; fileRef = D1740DAF1C90313D00DDAA09 /* Reachability.m */; };
		D1740DB31C90313D00DDAA09 /* ReachabilityViewController.m in Sources */ = {isa = PBXBuildFile; fileRef = D1740DB11C90313D00DDAA09 /* ReachabilityViewController.m */; };
		D1740DBF1C90316E00DDAA09 /* NYBestsellerCategoriesTableViewController.m in Sources */ = {isa = PBXBuildFile; fileRef = D1740DBA1C90316E00DDAA09 /* NYBestsellerCategoriesTableViewController.m */; };
		D1740DC01C90316E00DDAA09 /* NYBestsellerRankingsTableViewController.m in Sources */ = {isa = PBXBuildFile; fileRef = D1740DBC1C90316E00DDAA09 /* NYBestsellerRankingsTableViewController.m */; };
		D1740DC11C90316E00DDAA09 /* NYBestsellerBookProfileViewController.m in Sources */ = {isa = PBXBuildFile; fileRef = D1740DBE1C90316E00DDAA09 /* NYBestsellerBookProfileViewController.m */; };
		D1740DEF1C90463B00DDAA09 /* BookList+CoreDataProperties.m in Sources */ = {isa = PBXBuildFile; fileRef = D1740DE81C90463B00DDAA09 /* BookList+CoreDataProperties.m */; };
		D1740DF01C90463B00DDAA09 /* BookList.m in Sources */ = {isa = PBXBuildFile; fileRef = D1740DEA1C90463B00DDAA09 /* BookList.m */; };
		D1740DF11C90463B00DDAA09 /* Book+CoreDataProperties.m in Sources */ = {isa = PBXBuildFile; fileRef = D1740DEC1C90463B00DDAA09 /* Book+CoreDataProperties.m */; };
		D1740DF21C90463B00DDAA09 /* Book.m in Sources */ = {isa = PBXBuildFile; fileRef = D1740DEE1C90463B00DDAA09 /* Book.m */; };
		D1740DF41C90C3DE00DDAA09 /* ImageIO.framework in Frameworks */ = {isa = PBXBuildFile; fileRef = D1740DF31C90C3DE00DDAA09 /* ImageIO.framework */; };
		D1740DF61C90C3F500DDAA09 /* libSDWebImage.a in Frameworks */ = {isa = PBXBuildFile; fileRef = D1740DF51C90C3F500DDAA09 /* libSDWebImage.a */; };
		D18D44731C9205C4002210F6 /* LoadingViewController.m in Sources */ = {isa = PBXBuildFile; fileRef = D18D44721C9205C4002210F6 /* LoadingViewController.m */; };
		D18D44781C920717002210F6 /* LoadingViewController.xib in Resources */ = {isa = PBXBuildFile; fileRef = D18D44771C920717002210F6 /* LoadingViewController.xib */; };
		D18D44931C94AE3A002210F6 /* NYBestsellerAPIConnectionController.m in Sources */ = {isa = PBXBuildFile; fileRef = D18D44921C94AE3A002210F6 /* NYBestsellerAPIConnectionController.m */; };
		D18D449E1C973B4D002210F6 /* DatabaseController.m in Sources */ = {isa = PBXBuildFile; fileRef = D18D449D1C973B4D002210F6 /* DatabaseController.m */; };
		D18D45021C9A0D28002210F6 /* NYBestsellerBookmarksController.m in Sources */ = {isa = PBXBuildFile; fileRef = D18D45011C9A0D28002210F6 /* NYBestsellerBookmarksController.m */; };
		D18D45081C9A169B002210F6 /* NYBestsellerBookmarksTableViewController.m in Sources */ = {isa = PBXBuildFile; fileRef = D18D45071C9A169B002210F6 /* NYBestsellerBookmarksTableViewController.m */; };
		D1C7429E1C9DC3C700760E3C /* NYBestsellerSearchTableViewController.m in Sources */ = {isa = PBXBuildFile; fileRef = D1C7429D1C9DC3C700760E3C /* NYBestsellerSearchTableViewController.m */; };
		D1C742A21C9DDBF200760E3C /* NYBestsellerBookSearchController.m in Sources */ = {isa = PBXBuildFile; fileRef = D1C742A11C9DDBF200760E3C /* NYBestsellerBookSearchController.m */; };
		D1C742A81C9F33D600760E3C /* Assets.xcassets in Resources */ = {isa = PBXBuildFile; fileRef = D1C742A71C9F33D600760E3C /* Assets.xcassets */; };
/* End PBXBuildFile section */

/* Begin PBXContainerItemProxy section */
		D1740D8D1C90309100DDAA09 /* PBXContainerItemProxy */ = {
			isa = PBXContainerItemProxy;
			containerPortal = D1740D681C90309100DDAA09 /* Project object */;
			proxyType = 1;
			remoteGlobalIDString = D1740D6F1C90309100DDAA09;
			remoteInfo = Bestsellers;
		};
		D1740D981C90309100DDAA09 /* PBXContainerItemProxy */ = {
			isa = PBXContainerItemProxy;
			containerPortal = D1740D681C90309100DDAA09 /* Project object */;
			proxyType = 1;
			remoteGlobalIDString = D1740D6F1C90309100DDAA09;
			remoteInfo = Bestsellers;
		};
/* End PBXContainerItemProxy section */

/* Begin PBXFileReference section */
		471D92E5D8B7273D4F6BFF84 /* libPods.a */ = {isa = PBXFileReference; explicitFileType = archive.ar; includeInIndex = 0; path = libPods.a; sourceTree = BUILT_PRODUCTS_DIR; };
		6B5A55761054644184FC7F66 /* Pods.debug.xcconfig */ = {isa = PBXFileReference; includeInIndex = 1; lastKnownFileType = text.xcconfig; name = Pods.debug.xcconfig; path = "Pods/Target Support Files/Pods/Pods.debug.xcconfig"; sourceTree = "<group>"; };
		C658A27945CA9C2287128FA4 /* Pods.release.xcconfig */ = {isa = PBXFileReference; includeInIndex = 1; lastKnownFileType = text.xcconfig; name = Pods.release.xcconfig; path = "Pods/Target Support Files/Pods/Pods.release.xcconfig"; sourceTree = "<group>"; };
		D1740D701C90309100DDAA09 /* Bestsellers.app */ = {isa = PBXFileReference; explicitFileType = wrapper.application; includeInIndex = 0; path = Bestsellers.app; sourceTree = BUILT_PRODUCTS_DIR; };
		D1740D741C90309100DDAA09 /* main.m */ = {isa = PBXFileReference; lastKnownFileType = sourcecode.c.objc; path = main.m; sourceTree = "<group>"; };
		D1740D7D1C90309100DDAA09 /* Base */ = {isa = PBXFileReference; lastKnownFileType = file.storyboard; name = Base; path = Base.lproj/Main.storyboard; sourceTree = "<group>"; };
		D1740D801C90309100DDAA09 /* Bestsellers.xcdatamodel */ = {isa = PBXFileReference; lastKnownFileType = wrapper.xcdatamodel; path = Bestsellers.xcdatamodel; sourceTree = "<group>"; };
		D1740D851C90309100DDAA09 /* Base */ = {isa = PBXFileReference; lastKnownFileType = file.storyboard; name = Base; path = Base.lproj/LaunchScreen.storyboard; sourceTree = "<group>"; };
		D1740D871C90309100DDAA09 /* Info.plist */ = {isa = PBXFileReference; lastKnownFileType = text.plist.xml; path = Info.plist; sourceTree = "<group>"; };
		D1740D8C1C90309100DDAA09 /* BestsellersTests.xctest */ = {isa = PBXFileReference; explicitFileType = wrapper.cfbundle; includeInIndex = 0; path = BestsellersTests.xctest; sourceTree = BUILT_PRODUCTS_DIR; };
		D1740D901C90309100DDAA09 /* BestsellersTests.m */ = {isa = PBXFileReference; lastKnownFileType = sourcecode.c.objc; path = BestsellersTests.m; sourceTree = "<group>"; };
		D1740D921C90309100DDAA09 /* Info.plist */ = {isa = PBXFileReference; lastKnownFileType = text.plist.xml; path = Info.plist; sourceTree = "<group>"; };
		D1740D971C90309100DDAA09 /* BestsellersUITests.xctest */ = {isa = PBXFileReference; explicitFileType = wrapper.cfbundle; includeInIndex = 0; path = BestsellersUITests.xctest; sourceTree = BUILT_PRODUCTS_DIR; };
		D1740D9B1C90309100DDAA09 /* BestsellersUITests.m */ = {isa = PBXFileReference; lastKnownFileType = sourcecode.c.objc; path = BestsellersUITests.m; sourceTree = "<group>"; };
		D1740D9D1C90309100DDAA09 /* Info.plist */ = {isa = PBXFileReference; lastKnownFileType = text.plist.xml; path = Info.plist; sourceTree = "<group>"; };
		D1740DAA1C90310900DDAA09 /* AppDelegate.h */ = {isa = PBXFileReference; fileEncoding = 4; lastKnownFileType = sourcecode.c.h; name = AppDelegate.h; path = AppDelegates/AppDelegate.h; sourceTree = "<group>"; };
		D1740DAB1C90310900DDAA09 /* AppDelegate.m */ = {isa = PBXFileReference; fileEncoding = 4; lastKnownFileType = sourcecode.c.objc; name = AppDelegate.m; path = AppDelegates/AppDelegate.m; sourceTree = "<group>"; };
		D1740DAE1C90313D00DDAA09 /* Reachability.h */ = {isa = PBXFileReference; fileEncoding = 4; lastKnownFileType = sourcecode.c.h; name = Reachability.h; path = Reachability/Reachability.h; sourceTree = "<group>"; };
		D1740DAF1C90313D00DDAA09 /* Reachability.m */ = {isa = PBXFileReference; fileEncoding = 4; lastKnownFileType = sourcecode.c.objc; name = Reachability.m; path = Reachability/Reachability.m; sourceTree = "<group>"; };
		D1740DB01C90313D00DDAA09 /* ReachabilityViewController.h */ = {isa = PBXFileReference; fileEncoding = 4; lastKnownFileType = sourcecode.c.h; name = ReachabilityViewController.h; path = Reachability/ReachabilityViewController.h; sourceTree = "<group>"; };
		D1740DB11C90313D00DDAA09 /* ReachabilityViewController.m */ = {isa = PBXFileReference; fileEncoding = 4; lastKnownFileType = sourcecode.c.objc; name = ReachabilityViewController.m; path = Reachability/ReachabilityViewController.m; sourceTree = "<group>"; };
		D1740DB91C90316E00DDAA09 /* NYBestsellerCategoriesTableViewController.h */ = {isa = PBXFileReference; fileEncoding = 4; lastKnownFileType = sourcecode.c.h; name = NYBestsellerCategoriesTableViewController.h; path = ViewControllers/NYBestsellerCategoriesTableViewController.h; sourceTree = "<group>"; };
		D1740DBA1C90316E00DDAA09 /* NYBestsellerCategoriesTableViewController.m */ = {isa = PBXFileReference; fileEncoding = 4; lastKnownFileType = sourcecode.c.objc; name = NYBestsellerCategoriesTableViewController.m; path = ViewControllers/NYBestsellerCategoriesTableViewController.m; sourceTree = "<group>"; };
		D1740DBB1C90316E00DDAA09 /* NYBestsellerRankingsTableViewController.h */ = {isa = PBXFileReference; fileEncoding = 4; lastKnownFileType = sourcecode.c.h; name = NYBestsellerRankingsTableViewController.h; path = ViewControllers/NYBestsellerRankingsTableViewController.h; sourceTree = "<group>"; };
		D1740DBC1C90316E00DDAA09 /* NYBestsellerRankingsTableViewController.m */ = {isa = PBXFileReference; fileEncoding = 4; lastKnownFileType = sourcecode.c.objc; name = NYBestsellerRankingsTableViewController.m; path = ViewControllers/NYBestsellerRankingsTableViewController.m; sourceTree = "<group>"; };
		D1740DBD1C90316E00DDAA09 /* NYBestsellerBookProfileViewController.h */ = {isa = PBXFileReference; fileEncoding = 4; lastKnownFileType = sourcecode.c.h; name = NYBestsellerBookProfileViewController.h; path = ViewControllers/NYBestsellerBookProfileViewController.h; sourceTree = "<group>"; };
		D1740DBE1C90316E00DDAA09 /* NYBestsellerBookProfileViewController.m */ = {isa = PBXFileReference; fileEncoding = 4; lastKnownFileType = sourcecode.c.objc; name = NYBestsellerBookProfileViewController.m; path = ViewControllers/NYBestsellerBookProfileViewController.m; sourceTree = "<group>"; };
		D1740DE71C90463B00DDAA09 /* BookList+CoreDataProperties.h */ = {isa = PBXFileReference; fileEncoding = 4; lastKnownFileType = sourcecode.c.h; name = "BookList+CoreDataProperties.h"; path = "CoreDataModels/BookList+CoreDataProperties.h"; sourceTree = "<group>"; };
		D1740DE81C90463B00DDAA09 /* BookList+CoreDataProperties.m */ = {isa = PBXFileReference; fileEncoding = 4; lastKnownFileType = sourcecode.c.objc; name = "BookList+CoreDataProperties.m"; path = "CoreDataModels/BookList+CoreDataProperties.m"; sourceTree = "<group>"; };
		D1740DE91C90463B00DDAA09 /* BookList.h */ = {isa = PBXFileReference; fileEncoding = 4; lastKnownFileType = sourcecode.c.h; name = BookList.h; path = CoreDataModels/BookList.h; sourceTree = "<group>"; };
		D1740DEA1C90463B00DDAA09 /* BookList.m */ = {isa = PBXFileReference; fileEncoding = 4; lastKnownFileType = sourcecode.c.objc; name = BookList.m; path = CoreDataModels/BookList.m; sourceTree = "<group>"; };
		D1740DEB1C90463B00DDAA09 /* Book+CoreDataProperties.h */ = {isa = PBXFileReference; fileEncoding = 4; lastKnownFileType = sourcecode.c.h; name = "Book+CoreDataProperties.h"; path = "CoreDataModels/Book+CoreDataProperties.h"; sourceTree = "<group>"; };
		D1740DEC1C90463B00DDAA09 /* Book+CoreDataProperties.m */ = {isa = PBXFileReference; fileEncoding = 4; lastKnownFileType = sourcecode.c.objc; name = "Book+CoreDataProperties.m"; path = "CoreDataModels/Book+CoreDataProperties.m"; sourceTree = "<group>"; };
		D1740DED1C90463B00DDAA09 /* Book.h */ = {isa = PBXFileReference; fileEncoding = 4; lastKnownFileType = sourcecode.c.h; name = Book.h; path = CoreDataModels/Book.h; sourceTree = "<group>"; };
		D1740DEE1C90463B00DDAA09 /* Book.m */ = {isa = PBXFileReference; fileEncoding = 4; lastKnownFileType = sourcecode.c.objc; name = Book.m; path = CoreDataModels/Book.m; sourceTree = "<group>"; };
		D1740DF31C90C3DE00DDAA09 /* ImageIO.framework */ = {isa = PBXFileReference; lastKnownFileType = wrapper.framework; name = ImageIO.framework; path = System/Library/Frameworks/ImageIO.framework; sourceTree = SDKROOT; };
		D1740DF51C90C3F500DDAA09 /* libSDWebImage.a */ = {isa = PBXFileReference; lastKnownFileType = archive.ar; name = libSDWebImage.a; path = "Pods/../build/Debug-iphoneos/libSDWebImage.a"; sourceTree = "<group>"; };
		D18D44711C9205C4002210F6 /* LoadingViewController.h */ = {isa = PBXFileReference; fileEncoding = 4; lastKnownFileType = sourcecode.c.h; name = LoadingViewController.h; path = Utilities/LoadingViewController.h; sourceTree = "<group>"; };
		D18D44721C9205C4002210F6 /* LoadingViewController.m */ = {isa = PBXFileReference; fileEncoding = 4; lastKnownFileType = sourcecode.c.objc; name = LoadingViewController.m; path = Utilities/LoadingViewController.m; sourceTree = "<group>"; };
		D18D44771C920717002210F6 /* LoadingViewController.xib */ = {isa = PBXFileReference; fileEncoding = 4; lastKnownFileType = file.xib; name = LoadingViewController.xib; path = Utilities/LoadingViewController.xib; sourceTree = "<group>"; };
		D18D44911C94AE3A002210F6 /* NYBestsellerAPIConnectionController.h */ = {isa = PBXFileReference; fileEncoding = 4; lastKnownFileType = sourcecode.c.h; name = NYBestsellerAPIConnectionController.h; path = APIConnectionController/NYBestsellerAPIConnectionController.h; sourceTree = "<group>"; };
		D18D44921C94AE3A002210F6 /* NYBestsellerAPIConnectionController.m */ = {isa = PBXFileReference; fileEncoding = 4; lastKnownFileType = sourcecode.c.objc; name = NYBestsellerAPIConnectionController.m; path = APIConnectionController/NYBestsellerAPIConnectionController.m; sourceTree = "<group>"; };
		D18D449C1C973B4D002210F6 /* DatabaseController.h */ = {isa = PBXFileReference; fileEncoding = 4; lastKnownFileType = sourcecode.c.h; name = DatabaseController.h; path = DatabaseController/DatabaseController.h; sourceTree = "<group>"; };
		D18D449D1C973B4D002210F6 /* DatabaseController.m */ = {isa = PBXFileReference; fileEncoding = 4; lastKnownFileType = sourcecode.c.objc; name = DatabaseController.m; path = DatabaseController/DatabaseController.m; sourceTree = "<group>"; };
		D18D45001C9A0D28002210F6 /* NYBestsellerBookmarksController.h */ = {isa = PBXFileReference; fileEncoding = 4; lastKnownFileType = sourcecode.c.h; name = NYBestsellerBookmarksController.h; path = Favourites/NYBestsellerBookmarksController.h; sourceTree = "<group>"; };
		D18D45011C9A0D28002210F6 /* NYBestsellerBookmarksController.m */ = {isa = PBXFileReference; fileEncoding = 4; lastKnownFileType = sourcecode.c.objc; name = NYBestsellerBookmarksController.m; path = Favourites/NYBestsellerBookmarksController.m; sourceTree = "<group>"; };
		D18D45061C9A169B002210F6 /* NYBestsellerBookmarksTableViewController.h */ = {isa = PBXFileReference; fileEncoding = 4; lastKnownFileType = sourcecode.c.h; name = NYBestsellerBookmarksTableViewController.h; path = ViewControllers/NYBestsellerBookmarksTableViewController.h; sourceTree = "<group>"; };
		D18D45071C9A169B002210F6 /* NYBestsellerBookmarksTableViewController.m */ = {isa = PBXFileReference; fileEncoding = 4; lastKnownFileType = sourcecode.c.objc; name = NYBestsellerBookmarksTableViewController.m; path = ViewControllers/NYBestsellerBookmarksTableViewController.m; sourceTree = "<group>"; };
		D1C7429C1C9DC3C700760E3C /* NYBestsellerSearchTableViewController.h */ = {isa = PBXFileReference; fileEncoding = 4; lastKnownFileType = sourcecode.c.h; name = NYBestsellerSearchTableViewController.h; path = ViewControllers/NYBestsellerSearchTableViewController.h; sourceTree = "<group>"; };
		D1C7429D1C9DC3C700760E3C /* NYBestsellerSearchTableViewController.m */ = {isa = PBXFileReference; fileEncoding = 4; lastKnownFileType = sourcecode.c.objc; name = NYBestsellerSearchTableViewController.m; path = ViewControllers/NYBestsellerSearchTableViewController.m; sourceTree = "<group>"; };
		D1C742A01C9DDBF200760E3C /* NYBestsellerBookSearchController.h */ = {isa = PBXFileReference; fileEncoding = 4; lastKnownFileType = sourcecode.c.h; name = NYBestsellerBookSearchController.h; path = BookSearch/NYBestsellerBookSearchController.h; sourceTree = "<group>"; };
		D1C742A11C9DDBF200760E3C /* NYBestsellerBookSearchController.m */ = {isa = PBXFileReference; fileEncoding = 4; lastKnownFileType = sourcecode.c.objc; name = NYBestsellerBookSearchController.m; path = BookSearch/NYBestsellerBookSearchController.m; sourceTree = "<group>"; };
		D1C742A71C9F33D600760E3C /* Assets.xcassets */ = {isa = PBXFileReference; lastKnownFileType = folder.assetcatalog; path = Assets.xcassets; sourceTree = "<group>"; };
/* End PBXFileReference section */

/* Begin PBXFrameworksBuildPhase section */
		D1740D6D1C90309100DDAA09 /* Frameworks */ = {
			isa = PBXFrameworksBuildPhase;
			buildActionMask = 2147483647;
			files = (
				D1740DF61C90C3F500DDAA09 /* libSDWebImage.a in Frameworks */,
				D1740DF41C90C3DE00DDAA09 /* ImageIO.framework in Frameworks */,
				60D06FF62FA392D1455B7EF5 /* libPods.a in Frameworks */,
			);
			runOnlyForDeploymentPostprocessing = 0;
		};
		D1740D891C90309100DDAA09 /* Frameworks */ = {
			isa = PBXFrameworksBuildPhase;
			buildActionMask = 2147483647;
			files = (
			);
			runOnlyForDeploymentPostprocessing = 0;
		};
		D1740D941C90309100DDAA09 /* Frameworks */ = {
			isa = PBXFrameworksBuildPhase;
			buildActionMask = 2147483647;
			files = (
			);
			runOnlyForDeploymentPostprocessing = 0;
		};
/* End PBXFrameworksBuildPhase section */

/* Begin PBXGroup section */
		399FC17056D228114246D582 /* Frameworks */ = {
			isa = PBXGroup;
			children = (
				D1740DF51C90C3F500DDAA09 /* libSDWebImage.a */,
				D1740DF31C90C3DE00DDAA09 /* ImageIO.framework */,
				471D92E5D8B7273D4F6BFF84 /* libPods.a */,
			);
			name = Frameworks;
			sourceTree = "<group>";
		};
		D1740D671C90309100DDAA09 = {
			isa = PBXGroup;
			children = (
				D1740D721C90309100DDAA09 /* Bestsellers */,
				D1740D8F1C90309100DDAA09 /* BestsellersTests */,
				D1740D9A1C90309100DDAA09 /* BestsellersUITests */,
				D1740D711C90309100DDAA09 /* Products */,
				F366E05D69F2ED80B4E021BF /* Pods */,
				399FC17056D228114246D582 /* Frameworks */,
			);
			sourceTree = "<group>";
		};
		D1740D711C90309100DDAA09 /* Products */ = {
			isa = PBXGroup;
			children = (
				D1740D701C90309100DDAA09 /* Bestsellers.app */,
				D1740D8C1C90309100DDAA09 /* BestsellersTests.xctest */,
				D1740D971C90309100DDAA09 /* BestsellersUITests.xctest */,
			);
			name = Products;
			sourceTree = "<group>";
		};
		D1740D721C90309100DDAA09 /* Bestsellers */ = {
			isa = PBXGroup;
			children = (
				D1C7429F1C9DDB9300760E3C /* BookSearch */,
				D18D44F91C99CB12002210F6 /* Bookmarks */,
				D18D449B1C973AC7002210F6 /* DatabaseController */,
				D18D44941C94AF8F002210F6 /* Resources */,
				D18D44701C91C6FF002210F6 /* Utilities */,
				D1740DC21C90317300DDAA09 /* CoreDataModels */,
				D1740DB81C90315D00DDAA09 /* ViewControllers */,
				D1740DB41C90314600DDAA09 /* APIConnectionController */,
				D1740DAD1C90312A00DDAA09 /* Reachability */,
				D1740DA91C9030F400DDAA09 /* AppDelegates */,
				D1740D731C90309100DDAA09 /* Supporting Files */,
			);
			path = Bestsellers;
			sourceTree = "<group>";
		};
		D1740D731C90309100DDAA09 /* Supporting Files */ = {
			isa = PBXGroup;
			children = (
				D1740D741C90309100DDAA09 /* main.m */,
			);
			name = "Supporting Files";
			sourceTree = "<group>";
		};
		D1740D8F1C90309100DDAA09 /* BestsellersTests */ = {
			isa = PBXGroup;
			children = (
				D1740D901C90309100DDAA09 /* BestsellersTests.m */,
				D1740D921C90309100DDAA09 /* Info.plist */,
			);
			path = BestsellersTests;
			sourceTree = "<group>";
		};
		D1740D9A1C90309100DDAA09 /* BestsellersUITests */ = {
			isa = PBXGroup;
			children = (
				D1740D9B1C90309100DDAA09 /* BestsellersUITests.m */,
				D1740D9D1C90309100DDAA09 /* Info.plist */,
			);
			path = BestsellersUITests;
			sourceTree = "<group>";
		};
		D1740DA91C9030F400DDAA09 /* AppDelegates */ = {
			isa = PBXGroup;
			children = (
				D1740DAA1C90310900DDAA09 /* AppDelegate.h */,
				D1740DAB1C90310900DDAA09 /* AppDelegate.m */,
			);
			name = AppDelegates;
			sourceTree = "<group>";
		};
		D1740DAD1C90312A00DDAA09 /* Reachability */ = {
			isa = PBXGroup;
			children = (
				D1740DAE1C90313D00DDAA09 /* Reachability.h */,
				D1740DAF1C90313D00DDAA09 /* Reachability.m */,
				D1740DB01C90313D00DDAA09 /* ReachabilityViewController.h */,
				D1740DB11C90313D00DDAA09 /* ReachabilityViewController.m */,
			);
			name = Reachability;
			sourceTree = "<group>";
		};
		D1740DB41C90314600DDAA09 /* APIConnectionController */ = {
			isa = PBXGroup;
			children = (
				D18D44911C94AE3A002210F6 /* NYBestsellerAPIConnectionController.h */,
				D18D44921C94AE3A002210F6 /* NYBestsellerAPIConnectionController.m */,
			);
			name = APIConnectionController;
			sourceTree = "<group>";
		};
		D1740DB81C90315D00DDAA09 /* ViewControllers */ = {
			isa = PBXGroup;
			children = (
				D1740DB91C90316E00DDAA09 /* NYBestsellerCategoriesTableViewController.h */,
				D1740DBA1C90316E00DDAA09 /* NYBestsellerCategoriesTableViewController.m */,
				D1740DBB1C90316E00DDAA09 /* NYBestsellerRankingsTableViewController.h */,
				D1740DBC1C90316E00DDAA09 /* NYBestsellerRankingsTableViewController.m */,
				D1740DBD1C90316E00DDAA09 /* NYBestsellerBookProfileViewController.h */,
				D1740DBE1C90316E00DDAA09 /* NYBestsellerBookProfileViewController.m */,
				D18D45061C9A169B002210F6 /* NYBestsellerBookmarksTableViewController.h */,
				D18D45071C9A169B002210F6 /* NYBestsellerBookmarksTableViewController.m */,
				D1C7429C1C9DC3C700760E3C /* NYBestsellerSearchTableViewController.h */,
				D1C7429D1C9DC3C700760E3C /* NYBestsellerSearchTableViewController.m */,
			);
			name = ViewControllers;
			sourceTree = "<group>";
		};
		D1740DC21C90317300DDAA09 /* CoreDataModels */ = {
			isa = PBXGroup;
			children = (
				D1740DE71C90463B00DDAA09 /* BookList+CoreDataProperties.h */,
				D1740DE81C90463B00DDAA09 /* BookList+CoreDataProperties.m */,
				D1740DE91C90463B00DDAA09 /* BookList.h */,
				D1740DEA1C90463B00DDAA09 /* BookList.m */,
				D1740DEB1C90463B00DDAA09 /* Book+CoreDataProperties.h */,
				D1740DEC1C90463B00DDAA09 /* Book+CoreDataProperties.m */,
				D1740DED1C90463B00DDAA09 /* Book.h */,
				D1740DEE1C90463B00DDAA09 /* Book.m */,
			);
			name = CoreDataModels;
			sourceTree = "<group>";
		};
		D18D44701C91C6FF002210F6 /* Utilities */ = {
			isa = PBXGroup;
			children = (
				D18D44711C9205C4002210F6 /* LoadingViewController.h */,
				D18D44721C9205C4002210F6 /* LoadingViewController.m */,
				D18D44771C920717002210F6 /* LoadingViewController.xib */,
			);
			name = Utilities;
			sourceTree = "<group>";
		};
		D18D44941C94AF8F002210F6 /* Resources */ = {
			isa = PBXGroup;
			children = (
				D1C742A71C9F33D600760E3C /* Assets.xcassets */,
				D1740D7C1C90309100DDAA09 /* Main.storyboard */,
				D1740D841C90309100DDAA09 /* LaunchScreen.storyboard */,
				D1740D871C90309100DDAA09 /* Info.plist */,
				D1740D7F1C90309100DDAA09 /* Bestsellers.xcdatamodeld */,
			);
			name = Resources;
			sourceTree = "<group>";
		};
		D18D449B1C973AC7002210F6 /* DatabaseController */ = {
			isa = PBXGroup;
			children = (
				D18D449C1C973B4D002210F6 /* DatabaseController.h */,
				D18D449D1C973B4D002210F6 /* DatabaseController.m */,
			);
			name = DatabaseController;
			sourceTree = "<group>";
		};
		D18D44F91C99CB12002210F6 /* Bookmarks */ = {
			isa = PBXGroup;
			children = (
				D18D45001C9A0D28002210F6 /* NYBestsellerBookmarksController.h */,
				D18D45011C9A0D28002210F6 /* NYBestsellerBookmarksController.m */,
			);
			name = Bookmarks;
			sourceTree = "<group>";
		};
		D1C7429F1C9DDB9300760E3C /* BookSearch */ = {
			isa = PBXGroup;
			children = (
				D1C742A01C9DDBF200760E3C /* NYBestsellerBookSearchController.h */,
				D1C742A11C9DDBF200760E3C /* NYBestsellerBookSearchController.m */,
			);
			name = BookSearch;
			sourceTree = "<group>";
		};
		F366E05D69F2ED80B4E021BF /* Pods */ = {
			isa = PBXGroup;
			children = (
				6B5A55761054644184FC7F66 /* Pods.debug.xcconfig */,
				C658A27945CA9C2287128FA4 /* Pods.release.xcconfig */,
			);
			name = Pods;
			sourceTree = "<group>";
		};
/* End PBXGroup section */

/* Begin PBXNativeTarget section */
		D1740D6F1C90309100DDAA09 /* Bestsellers */ = {
			isa = PBXNativeTarget;
			buildConfigurationList = D1740DA01C90309100DDAA09 /* Build configuration list for PBXNativeTarget "Bestsellers" */;
			buildPhases = (
				F042CC8FCD4EB4C8BC480F20 /* Check Pods Manifest.lock */,
				D1740D6C1C90309100DDAA09 /* Sources */,
				D1740D6D1C90309100DDAA09 /* Frameworks */,
				D1740D6E1C90309100DDAA09 /* Resources */,
				C89E045EC1845806B88527CF /* Embed Pods Frameworks */,
				AA58758F8389D40C70C29DE9 /* Copy Pods Resources */,
			);
			buildRules = (
			);
			dependencies = (
			);
			name = Bestsellers;
			productName = Bestsellers;
			productReference = D1740D701C90309100DDAA09 /* Bestsellers.app */;
			productType = "com.apple.product-type.application";
		};
		D1740D8B1C90309100DDAA09 /* BestsellersTests */ = {
			isa = PBXNativeTarget;
			buildConfigurationList = D1740DA31C90309100DDAA09 /* Build configuration list for PBXNativeTarget "BestsellersTests" */;
			buildPhases = (
				D1740D881C90309100DDAA09 /* Sources */,
				D1740D891C90309100DDAA09 /* Frameworks */,
				D1740D8A1C90309100DDAA09 /* Resources */,
			);
			buildRules = (
			);
			dependencies = (
				D1740D8E1C90309100DDAA09 /* PBXTargetDependency */,
			);
			name = BestsellersTests;
			productName = BestsellersTests;
			productReference = D1740D8C1C90309100DDAA09 /* BestsellersTests.xctest */;
			productType = "com.apple.product-type.bundle.unit-test";
		};
		D1740D961C90309100DDAA09 /* BestsellersUITests */ = {
			isa = PBXNativeTarget;
			buildConfigurationList = D1740DA61C90309100DDAA09 /* Build configuration list for PBXNativeTarget "BestsellersUITests" */;
			buildPhases = (
				D1740D931C90309100DDAA09 /* Sources */,
				D1740D941C90309100DDAA09 /* Frameworks */,
				D1740D951C90309100DDAA09 /* Resources */,
			);
			buildRules = (
			);
			dependencies = (
				D1740D991C90309100DDAA09 /* PBXTargetDependency */,
			);
			name = BestsellersUITests;
			productName = BestsellersUITests;
			productReference = D1740D971C90309100DDAA09 /* BestsellersUITests.xctest */;
			productType = "com.apple.product-type.bundle.ui-testing";
		};
/* End PBXNativeTarget section */

/* Begin PBXProject section */
		D1740D681C90309100DDAA09 /* Project object */ = {
			isa = PBXProject;
			attributes = {
				LastUpgradeCheck = 0720;
				ORGANIZATIONNAME = Comscie;
				TargetAttributes = {
					D1740D6F1C90309100DDAA09 = {
						CreatedOnToolsVersion = 7.2;
					};
					D1740D8B1C90309100DDAA09 = {
						CreatedOnToolsVersion = 7.2;
						TestTargetID = D1740D6F1C90309100DDAA09;
					};
					D1740D961C90309100DDAA09 = {
						CreatedOnToolsVersion = 7.2;
						TestTargetID = D1740D6F1C90309100DDAA09;
					};
				};
			};
			buildConfigurationList = D1740D6B1C90309100DDAA09 /* Build configuration list for PBXProject "Bestsellers" */;
			compatibilityVersion = "Xcode 3.2";
			developmentRegion = English;
			hasScannedForEncodings = 0;
			knownRegions = (
				en,
				Base,
			);
			mainGroup = D1740D671C90309100DDAA09;
			productRefGroup = D1740D711C90309100DDAA09 /* Products */;
			projectDirPath = "";
			projectRoot = "";
			targets = (
				D1740D6F1C90309100DDAA09 /* Bestsellers */,
				D1740D8B1C90309100DDAA09 /* BestsellersTests */,
				D1740D961C90309100DDAA09 /* BestsellersUITests */,
			);
		};
/* End PBXProject section */

/* Begin PBXResourcesBuildPhase section */
		D1740D6E1C90309100DDAA09 /* Resources */ = {
			isa = PBXResourcesBuildPhase;
			buildActionMask = 2147483647;
			files = (
				D1740D861C90309100DDAA09 /* LaunchScreen.storyboard in Resources */,
				D1740D7E1C90309100DDAA09 /* Main.storyboard in Resources */,
				D1C742A81C9F33D600760E3C /* Assets.xcassets in Resources */,
				D18D44781C920717002210F6 /* LoadingViewController.xib in Resources */,
			);
			runOnlyForDeploymentPostprocessing = 0;
		};
		D1740D8A1C90309100DDAA09 /* Resources */ = {
			isa = PBXResourcesBuildPhase;
			buildActionMask = 2147483647;
			files = (
			);
			runOnlyForDeploymentPostprocessing = 0;
		};
		D1740D951C90309100DDAA09 /* Resources */ = {
			isa = PBXResourcesBuildPhase;
			buildActionMask = 2147483647;
			files = (
			);
			runOnlyForDeploymentPostprocessing = 0;
		};
/* End PBXResourcesBuildPhase section */

/* Begin PBXShellScriptBuildPhase section */
		AA58758F8389D40C70C29DE9 /* Copy Pods Resources */ = {
			isa = PBXShellScriptBuildPhase;
			buildActionMask = 2147483647;
			files = (
			);
			inputPaths = (
			);
			name = "Copy Pods Resources";
			outputPaths = (
			);
			runOnlyForDeploymentPostprocessing = 0;
			shellPath = /bin/sh;
			shellScript = "\"${SRCROOT}/Pods/Target Support Files/Pods/Pods-resources.sh\"\n";
			showEnvVarsInLog = 0;
		};
		C89E045EC1845806B88527CF /* Embed Pods Frameworks */ = {
			isa = PBXShellScriptBuildPhase;
			buildActionMask = 2147483647;
			files = (
			);
			inputPaths = (
			);
			name = "Embed Pods Frameworks";
			outputPaths = (
			);
			runOnlyForDeploymentPostprocessing = 0;
			shellPath = /bin/sh;
			shellScript = "\"${SRCROOT}/Pods/Target Support Files/Pods/Pods-frameworks.sh\"\n";
			showEnvVarsInLog = 0;
		};
		F042CC8FCD4EB4C8BC480F20 /* Check Pods Manifest.lock */ = {
			isa = PBXShellScriptBuildPhase;
			buildActionMask = 2147483647;
			files = (
			);
			inputPaths = (
			);
			name = "Check Pods Manifest.lock";
			outputPaths = (
			);
			runOnlyForDeploymentPostprocessing = 0;
			shellPath = /bin/sh;
			shellScript = "diff \"${PODS_ROOT}/../Podfile.lock\" \"${PODS_ROOT}/Manifest.lock\" > /dev/null\nif [[ $? != 0 ]] ; then\n    cat << EOM\nerror: The sandbox is not in sync with the Podfile.lock. Run 'pod install' or update your CocoaPods installation.\nEOM\n    exit 1\nfi\n";
			showEnvVarsInLog = 0;
		};
/* End PBXShellScriptBuildPhase section */

/* Begin PBXSourcesBuildPhase section */
		D1740D6C1C90309100DDAA09 /* Sources */ = {
			isa = PBXSourcesBuildPhase;
			buildActionMask = 2147483647;
			files = (
				D1740DF21C90463B00DDAA09 /* Book.m in Sources */,
				D1740D811C90309100DDAA09 /* Bestsellers.xcdatamodeld in Sources */,
				D1740D751C90309100DDAA09 /* main.m in Sources */,
				D18D44731C9205C4002210F6 /* LoadingViewController.m in Sources */,
				D1740DF11C90463B00DDAA09 /* Book+CoreDataProperties.m in Sources */,
				D1740DBF1C90316E00DDAA09 /* NYBestsellerCategoriesTableViewController.m in Sources */,
				D1740DC11C90316E00DDAA09 /* NYBestsellerBookProfileViewController.m in Sources */,
				D18D45021C9A0D28002210F6 /* NYBestsellerBookmarksController.m in Sources */,
				D1740DC01C90316E00DDAA09 /* NYBestsellerRankingsTableViewController.m in Sources */,
				D18D44931C94AE3A002210F6 /* NYBestsellerAPIConnectionController.m in Sources */,
				D1740DB21C90313D00DDAA09 /* Reachability.m in Sources */,
				D1740DB31C90313D00DDAA09 /* ReachabilityViewController.m in Sources */,
				D1740DF01C90463B00DDAA09 /* BookList.m in Sources */,
				D18D449E1C973B4D002210F6 /* DatabaseController.m in Sources */,
				D1C742A21C9DDBF200760E3C /* NYBestsellerBookSearchController.m in Sources */,
				D18D45081C9A169B002210F6 /* NYBestsellerBookmarksTableViewController.m in Sources */,
				D1740DEF1C90463B00DDAA09 /* BookList+CoreDataProperties.m in Sources */,
				D1740DAC1C90310900DDAA09 /* AppDelegate.m in Sources */,
				D1C7429E1C9DC3C700760E3C /* NYBestsellerSearchTableViewController.m in Sources */,
			);
			runOnlyForDeploymentPostprocessing = 0;
		};
		D1740D881C90309100DDAA09 /* Sources */ = {
			isa = PBXSourcesBuildPhase;
			buildActionMask = 2147483647;
			files = (
				D1740D911C90309100DDAA09 /* BestsellersTests.m in Sources */,
			);
			runOnlyForDeploymentPostprocessing = 0;
		};
		D1740D931C90309100DDAA09 /* Sources */ = {
			isa = PBXSourcesBuildPhase;
			buildActionMask = 2147483647;
			files = (
				D1740D9C1C90309100DDAA09 /* BestsellersUITests.m in Sources */,
			);
			runOnlyForDeploymentPostprocessing = 0;
		};
/* End PBXSourcesBuildPhase section */

/* Begin PBXTargetDependency section */
		D1740D8E1C90309100DDAA09 /* PBXTargetDependency */ = {
			isa = PBXTargetDependency;
			target = D1740D6F1C90309100DDAA09 /* Bestsellers */;
			targetProxy = D1740D8D1C90309100DDAA09 /* PBXContainerItemProxy */;
		};
		D1740D991C90309100DDAA09 /* PBXTargetDependency */ = {
			isa = PBXTargetDependency;
			target = D1740D6F1C90309100DDAA09 /* Bestsellers */;
			targetProxy = D1740D981C90309100DDAA09 /* PBXContainerItemProxy */;
		};
/* End PBXTargetDependency section */

/* Begin PBXVariantGroup section */
		D1740D7C1C90309100DDAA09 /* Main.storyboard */ = {
			isa = PBXVariantGroup;
			children = (
				D1740D7D1C90309100DDAA09 /* Base */,
			);
			name = Main.storyboard;
			sourceTree = "<group>";
		};
		D1740D841C90309100DDAA09 /* LaunchScreen.storyboard */ = {
			isa = PBXVariantGroup;
			children = (
				D1740D851C90309100DDAA09 /* Base */,
			);
			name = LaunchScreen.storyboard;
			sourceTree = "<group>";
		};
/* End PBXVariantGroup section */

/* Begin XCBuildConfiguration section */
		D1740D9E1C90309100DDAA09 /* Debug */ = {
			isa = XCBuildConfiguration;
			buildSettings = {
				ALWAYS_SEARCH_USER_PATHS = NO;
				CLANG_CXX_LANGUAGE_STANDARD = "gnu++0x";
				CLANG_CXX_LIBRARY = "libc++";
				CLANG_ENABLE_MODULES = YES;
				CLANG_ENABLE_OBJC_ARC = YES;
				CLANG_WARN_BOOL_CONVERSION = YES;
				CLANG_WARN_CONSTANT_CONVERSION = YES;
				CLANG_WARN_DIRECT_OBJC_ISA_USAGE = YES_ERROR;
				CLANG_WARN_EMPTY_BODY = YES;
				CLANG_WARN_ENUM_CONVERSION = YES;
				CLANG_WARN_INT_CONVERSION = YES;
				CLANG_WARN_OBJC_ROOT_CLASS = YES_ERROR;
				CLANG_WARN_UNREACHABLE_CODE = YES;
				CLANG_WARN__DUPLICATE_METHOD_MATCH = YES;
				"CODE_SIGN_IDENTITY[sdk=iphoneos*]" = "iPhone Developer";
				COPY_PHASE_STRIP = NO;
				DEBUG_INFORMATION_FORMAT = dwarf;
				ENABLE_STRICT_OBJC_MSGSEND = YES;
				ENABLE_TESTABILITY = YES;
				GCC_C_LANGUAGE_STANDARD = gnu99;
				GCC_DYNAMIC_NO_PIC = NO;
				GCC_NO_COMMON_BLOCKS = YES;
				GCC_OPTIMIZATION_LEVEL = 0;
				GCC_PREPROCESSOR_DEFINITIONS = (
					"DEBUG=1",
					"$(inherited)",
				);
				GCC_WARN_64_TO_32_BIT_CONVERSION = YES;
				GCC_WARN_ABOUT_RETURN_TYPE = YES_ERROR;
				GCC_WARN_UNDECLARED_SELECTOR = YES;
				GCC_WARN_UNINITIALIZED_AUTOS = YES_AGGRESSIVE;
				GCC_WARN_UNUSED_FUNCTION = YES;
				GCC_WARN_UNUSED_VARIABLE = YES;
				IPHONEOS_DEPLOYMENT_TARGET = 9.2;
				MTL_ENABLE_DEBUG_INFO = YES;
				ONLY_ACTIVE_ARCH = YES;
				SDKROOT = iphoneos;
				TARGETED_DEVICE_FAMILY = "1,2";
			};
			name = Debug;
		};
		D1740D9F1C90309100DDAA09 /* Release */ = {
			isa = XCBuildConfiguration;
			buildSettings = {
				ALWAYS_SEARCH_USER_PATHS = NO;
				CLANG_CXX_LANGUAGE_STANDARD = "gnu++0x";
				CLANG_CXX_LIBRARY = "libc++";
				CLANG_ENABLE_MODULES = YES;
				CLANG_ENABLE_OBJC_ARC = YES;
				CLANG_WARN_BOOL_CONVERSION = YES;
				CLANG_WARN_CONSTANT_CONVERSION = YES;
				CLANG_WARN_DIRECT_OBJC_ISA_USAGE = YES_ERROR;
				CLANG_WARN_EMPTY_BODY = YES;
				CLANG_WARN_ENUM_CONVERSION = YES;
				CLANG_WARN_INT_CONVERSION = YES;
				CLANG_WARN_OBJC_ROOT_CLASS = YES_ERROR;
				CLANG_WARN_UNREACHABLE_CODE = YES;
				CLANG_WARN__DUPLICATE_METHOD_MATCH = YES;
				"CODE_SIGN_IDENTITY[sdk=iphoneos*]" = "iPhone Developer";
				COPY_PHASE_STRIP = NO;
				DEBUG_INFORMATION_FORMAT = "dwarf-with-dsym";
				ENABLE_NS_ASSERTIONS = NO;
				ENABLE_STRICT_OBJC_MSGSEND = YES;
				GCC_C_LANGUAGE_STANDARD = gnu99;
				GCC_NO_COMMON_BLOCKS = YES;
				GCC_WARN_64_TO_32_BIT_CONVERSION = YES;
				GCC_WARN_ABOUT_RETURN_TYPE = YES_ERROR;
				GCC_WARN_UNDECLARED_SELECTOR = YES;
				GCC_WARN_UNINITIALIZED_AUTOS = YES_AGGRESSIVE;
				GCC_WARN_UNUSED_FUNCTION = YES;
				GCC_WARN_UNUSED_VARIABLE = YES;
				IPHONEOS_DEPLOYMENT_TARGET = 9.2;
				MTL_ENABLE_DEBUG_INFO = NO;
				SDKROOT = iphoneos;
				TARGETED_DEVICE_FAMILY = "1,2";
				VALIDATE_PRODUCT = YES;
			};
			name = Release;
		};
		D1740DA11C90309100DDAA09 /* Debug */ = {
			isa = XCBuildConfiguration;
			baseConfigurationReference = 6B5A55761054644184FC7F66 /* Pods.debug.xcconfig */;
			buildSettings = {
				ASSETCATALOG_COMPILER_APPICON_NAME = AppIcon;
				HEADER_SEARCH_PATHS = (
					"$(inherited)/**",
					"\"${PODS_ROOT}/Headers/Public\"/**",
					"\"${PODS_ROOT}/Headers/Public/AFNetworking\"/**",
					"\"${PODS_ROOT}/Headers/Public/ISO8601DateFormatterValueTransformer\"/**",
					"\"${PODS_ROOT}/Headers/Public/RKValueTransformers\"/**",
					"\"${PODS_ROOT}/Headers/Public/RestKit\"/**",
					"\"${PODS_ROOT}/Headers/Public/SOCKit\"/**",
					"\"${PODS_ROOT}/Headers/Public/TransitionKit\"/**",
				);
				INFOPLIST_FILE = Bestsellers/Info.plist;
				IPHONEOS_DEPLOYMENT_TARGET = 7.0;
				LD_RUNPATH_SEARCH_PATHS = "$(inherited) @executable_path/Frameworks";
				LIBRARY_SEARCH_PATHS = (
					"$(inherited)",
					"$(PROJECT_DIR)/build/Debug-iphoneos",
				);
				PRODUCT_BUNDLE_IDENTIFIER = comscie.Bestsellers;
				PRODUCT_NAME = "$(TARGET_NAME)";
			};
			name = Debug;
		};
		D1740DA21C90309100DDAA09 /* Release */ = {
			isa = XCBuildConfiguration;
			baseConfigurationReference = C658A27945CA9C2287128FA4 /* Pods.release.xcconfig */;
			buildSettings = {
				ASSETCATALOG_COMPILER_APPICON_NAME = AppIcon;
				HEADER_SEARCH_PATHS = (
					"$(inherited)/**",
					"\"${PODS_ROOT}/Headers/Public\"/**",
					"\"${PODS_ROOT}/Headers/Public/AFNetworking\"/**",
					"\"${PODS_ROOT}/Headers/Public/ISO8601DateFormatterValueTransformer\"/**",
					"\"${PODS_ROOT}/Headers/Public/RKValueTransformers\"/**",
					"\"${PODS_ROOT}/Headers/Public/RestKit\"/**",
					"\"${PODS_ROOT}/Headers/Public/SOCKit\"/**",
					"\"${PODS_ROOT}/Headers/Public/TransitionKit\"/**",
				);
				INFOPLIST_FILE = Bestsellers/Info.plist;
				IPHONEOS_DEPLOYMENT_TARGET = 7.0;
				LD_RUNPATH_SEARCH_PATHS = "$(inherited) @executable_path/Frameworks";
				LIBRARY_SEARCH_PATHS = (
					"$(inherited)",
					"$(PROJECT_DIR)/build/Debug-iphoneos",
				);
				PRODUCT_BUNDLE_IDENTIFIER = comscie.Bestsellers;
				PRODUCT_NAME = "$(TARGET_NAME)";
			};
			name = Release;
		};
		D1740DA41C90309100DDAA09 /* Debug */ = {
			isa = XCBuildConfiguration;
			buildSettings = {
				BUNDLE_LOADER = "$(TEST_HOST)";
				INFOPLIST_FILE = BestsellersTests/Info.plist;
				LD_RUNPATH_SEARCH_PATHS = "$(inherited) @executable_path/Frameworks @loader_path/Frameworks";
				PRODUCT_BUNDLE_IDENTIFIER = comscie.BestsellersTests;
				PRODUCT_NAME = "$(TARGET_NAME)";
				TEST_HOST = "$(BUILT_PRODUCTS_DIR)/Bestsellers.app/Bestsellers";
			};
			name = Debug;
		};
		D1740DA51C90309100DDAA09 /* Release */ = {
			isa = XCBuildConfiguration;
			buildSettings = {
				BUNDLE_LOADER = "$(TEST_HOST)";
				INFOPLIST_FILE = BestsellersTests/Info.plist;
				LD_RUNPATH_SEARCH_PATHS = "$(inherited) @executable_path/Frameworks @loader_path/Frameworks";
				PRODUCT_BUNDLE_IDENTIFIER = comscie.BestsellersTests;
				PRODUCT_NAME = "$(TARGET_NAME)";
				TEST_HOST = "$(BUILT_PRODUCTS_DIR)/Bestsellers.app/Bestsellers";
			};
			name = Release;
		};
		D1740DA71C90309100DDAA09 /* Debug */ = {
			isa = XCBuildConfiguration;
			buildSettings = {
				INFOPLIST_FILE = BestsellersUITests/Info.plist;
				LD_RUNPATH_SEARCH_PATHS = "$(inherited) @executable_path/Frameworks @loader_path/Frameworks";
				PRODUCT_BUNDLE_IDENTIFIER = comscie.BestsellersUITests;
				PRODUCT_NAME = "$(TARGET_NAME)";
				TEST_TARGET_NAME = Bestsellers;
				USES_XCTRUNNER = YES;
			};
			name = Debug;
		};
		D1740DA81C90309100DDAA09 /* Release */ = {
			isa = XCBuildConfiguration;
			buildSettings = {
				INFOPLIST_FILE = BestsellersUITests/Info.plist;
				LD_RUNPATH_SEARCH_PATHS = "$(inherited) @executable_path/Frameworks @loader_path/Frameworks";
				PRODUCT_BUNDLE_IDENTIFIER = comscie.BestsellersUITests;
				PRODUCT_NAME = "$(TARGET_NAME)";
				TEST_TARGET_NAME = Bestsellers;
				USES_XCTRUNNER = YES;
			};
			name = Release;
		};
/* End XCBuildConfiguration section */

/* Begin XCConfigurationList section */
		D1740D6B1C90309100DDAA09 /* Build configuration list for PBXProject "Bestsellers" */ = {
			isa = XCConfigurationList;
			buildConfigurations = (
				D1740D9E1C90309100DDAA09 /* Debug */,
				D1740D9F1C90309100DDAA09 /* Release */,
			);
			defaultConfigurationIsVisible = 0;
			defaultConfigurationName = Release;
		};
		D1740DA01C90309100DDAA09 /* Build configuration list for PBXNativeTarget "Bestsellers" */ = {
			isa = XCConfigurationList;
			buildConfigurations = (
				D1740DA11C90309100DDAA09 /* Debug */,
				D1740DA21C90309100DDAA09 /* Release */,
			);
			defaultConfigurationIsVisible = 0;
			defaultConfigurationName = Release;
		};
		D1740DA31C90309100DDAA09 /* Build configuration list for PBXNativeTarget "BestsellersTests" */ = {
			isa = XCConfigurationList;
			buildConfigurations = (
				D1740DA41C90309100DDAA09 /* Debug */,
				D1740DA51C90309100DDAA09 /* Release */,
			);
			defaultConfigurationIsVisible = 0;
			defaultConfigurationName = Release;
		};
		D1740DA61C90309100DDAA09 /* Build configuration list for PBXNativeTarget "BestsellersUITests" */ = {
			isa = XCConfigurationList;
			buildConfigurations = (
				D1740DA71C90309100DDAA09 /* Debug */,
				D1740DA81C90309100DDAA09 /* Release */,
			);
			defaultConfigurationIsVisible = 0;
			defaultConfigurationName = Release;
		};
/* End XCConfigurationList section */

/* Begin XCVersionGroup section */
		D1740D7F1C90309100DDAA09 /* Bestsellers.xcdatamodeld */ = {
			isa = XCVersionGroup;
			children = (
				D1740D801C90309100DDAA09 /* Bestsellers.xcdatamodel */,
			);
			currentVersion = D1740D801C90309100DDAA09 /* Bestsellers.xcdatamodel */;
			path = Bestsellers.xcdatamodeld;
			sourceTree = "<group>";
			versionGroupType = wrapper.xcdatamodel;
		};
/* End XCVersionGroup section */
	};
	rootObject = D1740D681C90309100DDAA09 /* Project object */;
}
